{
	"name": "ctagssh",
	"version": "0.0.1",
	"lockfileVersion": 2,
	"requires": true,
	"packages": {
		"": {
			"name": "ctagssh",
			"version": "0.0.1",
			"dependencies": {
				"n-readlines": "^0.2.7",
				"split": "^1.0.0",
				"ssh2-promise": "^1.0.2"
			},
			"devDependencies": {
				"@types/node": "^12.12.0",
				"@types/vscode": "^1.64.1"
			},
			"engines": {
				"vscode": "^1.64.1"
			}
		},
		"node_modules/@heroku/socksv5": {
			"version": "0.0.9",
			"resolved": "https://registry.npmjs.org/@heroku/socksv5/-/socksv5-0.0.9.tgz",
			"integrity": "sha512-bV8v7R/c0gNve8i7yPmZbcCTJUqRbCnMSvcegcMaz+ly+FoZf9i4+3MTjKsX+OZn9w0w1I6VJYQBcdM+yMWPQQ==",
			"dependencies": {
				"ip-address": "^5.8.8"
			},
			"engines": {
				"node": ">=0.10.0"
			}
		},
		"node_modules/@types/node": {
			"version": "12.20.51",
			"resolved": "https://registry.npmjs.org/@types/node/-/node-12.20.51.tgz",
			"integrity": "sha512-anVDMfReTatfH8GVmHmaTZOL0jeTLNZ9wK9SSrQS3tMmn4vUc+9fVWlUzAieuQefWDyWUz4Z3aqXxDgO1VsYjg==",
			"dev": true
		},
		"node_modules/@types/vscode": {
			"version": "1.67.0",
			"resolved": "https://registry.npmjs.org/@types/vscode/-/vscode-1.67.0.tgz",
			"integrity": "sha512-GH8BDf8cw9AC9080uneJfulhSa7KHSMI2s/CyKePXoGNos9J486w2V4YKoeNUqIEkW4hKoEAWp6/cXTwyGj47g==",
			"dev": true
		},
		"node_modules/asn1": {
			"version": "0.2.6",
			"resolved": "https://registry.npmjs.org/asn1/-/asn1-0.2.6.tgz",
			"integrity": "sha512-ix/FxPn0MDjeyJ7i/yoHGFt/EX6LyNbxSEhPPXODPL+KB0VPk86UYfL0lMdy+KCnv+fmvIzySwaK5COwqVbWTQ==",
			"dependencies": {
				"safer-buffer": "~2.1.0"
			}
		},
		"node_modules/bcrypt-pbkdf": {
			"version": "1.0.2",
			"resolved": "https://registry.npmjs.org/bcrypt-pbkdf/-/bcrypt-pbkdf-1.0.2.tgz",
			"integrity": "sha1-pDAdOJtqQ/m2f/PKEaP2Y342Dp4=",
			"dependencies": {
				"tweetnacl": "^0.14.3"
			}
		},
		"node_modules/buildcheck": {
			"version": "0.0.3",
			"resolved": "https://registry.npmjs.org/buildcheck/-/buildcheck-0.0.3.tgz",
			"integrity": "sha512-pziaA+p/wdVImfcbsZLNF32EiWyujlQLwolMqUQE8xpKNOH7KmZQaY8sXN7DGOEzPAElo9QTaeNRfGnf3iOJbA==",
			"optional": true,
			"engines": {
				"node": ">=10.0.0"
			}
		},
		"node_modules/cpu-features": {
			"version": "0.0.4",
			"resolved": "https://registry.npmjs.org/cpu-features/-/cpu-features-0.0.4.tgz",
			"integrity": "sha512-fKiZ/zp1mUwQbnzb9IghXtHtDoTMtNeb8oYGx6kX2SYfhnG0HNdBEBIzB9b5KlXu5DQPhfy3mInbBxFcgwAr3A==",
			"hasInstallScript": true,
			"optional": true,
			"dependencies": {
				"buildcheck": "0.0.3",
				"nan": "^2.15.0"
			},
			"engines": {
				"node": ">=10.0.0"
			}
		},
		"node_modules/ip-address": {
			"version": "5.9.4",
			"resolved": "https://registry.npmjs.org/ip-address/-/ip-address-5.9.4.tgz",
			"integrity": "sha512-dHkI3/YNJq4b/qQaz+c8LuarD3pY24JqZWfjB8aZx1gtpc2MDILu9L9jpZe1sHpzo/yWFweQVn+U//FhazUxmw==",
			"dependencies": {
				"jsbn": "1.1.0",
				"lodash": "^4.17.15",
				"sprintf-js": "1.1.2"
			},
			"engines": {
				"node": ">= 0.10"
			}
		},
		"node_modules/jsbn": {
			"version": "1.1.0",
			"resolved": "https://registry.npmjs.org/jsbn/-/jsbn-1.1.0.tgz",
			"integrity": "sha1-sBMHyym2GKHtJux56RH4A8TaAEA="
		},
		"node_modules/lodash": {
			"version": "4.17.21",
			"resolved": "https://registry.npmjs.org/lodash/-/lodash-4.17.21.tgz",
			"integrity": "sha512-v2kDEe57lecTulaDIuNTPy3Ry4gLGJ6Z1O3vE1krgXZNrsQ+LFTGHVxVjcXPs17LhbZVGedAJv8XZ1tvj5FvSg=="
		},
		"node_modules/n-readlines": {
			"version": "0.2.8",
			"resolved": "https://registry.npmjs.org/n-readlines/-/n-readlines-0.2.8.tgz",
			"integrity": "sha512-FRr6GU0vooiPAuHMBt/Pspm4htItJKCehs8Q2urdUuigXsdQzP8V03UaQedeCmiygqJwtuGhnidWHRHhUOAg9w==",
			"engines": {
				"node": ">=0.10.0"
			}
		},
		"node_modules/nan": {
			"version": "2.15.0",
			"resolved": "https://registry.npmjs.org/nan/-/nan-2.15.0.tgz",
			"integrity": "sha512-8ZtvEnA2c5aYCZYd1cvgdnU6cqwixRoYg70xPLWUws5ORTa/lnw+u4amixRS/Ac5U5mQVgp9pnlSUnbNWFaWZQ==",
			"optional": true
		},
		"node_modules/safer-buffer": {
			"version": "2.1.2",
			"resolved": "https://registry.npmjs.org/safer-buffer/-/safer-buffer-2.1.2.tgz",
			"integrity": "sha512-YZo3K82SD7Riyi0E1EQPojLz7kpepnSQI9IyPbHHg1XXXevb5dJI7tpyN2ADxGcQbHG7vcyRHk0cbwqcQriUtg=="
		},
		"node_modules/split": {
			"version": "1.0.1",
			"resolved": "https://registry.npmjs.org/split/-/split-1.0.1.tgz",
			"integrity": "sha512-mTyOoPbrivtXnwnIxZRFYRrPNtEFKlpB2fvjSnCQUiAA6qAZzqwna5envK4uk6OIeP17CsdF3rSBGYVBsU0Tkg==",
			"dependencies": {
				"through": "2"
			},
			"engines": {
				"node": "*"
			}
		},
		"node_modules/sprintf-js": {
			"version": "1.1.2",
			"resolved": "https://registry.npmjs.org/sprintf-js/-/sprintf-js-1.1.2.tgz",
			"integrity": "sha512-VE0SOVEHCk7Qc8ulkWw3ntAzXuqf7S2lvwQaDLRnUeIEaKNQJzV6BwmLKhOqT61aGhfUMrXeaBk+oDGCzvhcug=="
		},
		"node_modules/ssh2": {
			"version": "1.10.0",
			"resolved": "https://registry.npmjs.org/ssh2/-/ssh2-1.10.0.tgz",
			"integrity": "sha512-OnKAAmf4j8wCRrXXZv3Tp5lCZkLJZtgZbn45ELiShCg27djDQ3XFGvIzuGsIsf4hdHslP+VdhA9BhUQdTdfd9w==",
			"hasInstallScript": true,
			"dependencies": {
				"asn1": "^0.2.4",
				"bcrypt-pbkdf": "^1.0.2"
			},
			"engines": {
				"node": ">=10.16.0"
			},
			"optionalDependencies": {
				"cpu-features": "~0.0.4",
				"nan": "^2.15.0"
			}
		},
		"node_modules/ssh2-promise": {
			"version": "1.0.2",
			"resolved": "https://registry.npmjs.org/ssh2-promise/-/ssh2-promise-1.0.2.tgz",
			"integrity": "sha512-W+nNjW/kGSZn/Ln2wrjo/hlC4ZlCDyLck2FAY7zv72IA4ULPyybVdjVB31SzGFuLY+zlauc4SFGEICDlpVdVAg==",
			"dependencies": {
				"@heroku/socksv5": "^0.0.9",
				"ssh2": "^1.4.0"
			}
		},
		"node_modules/through": {
			"version": "2.3.8",
			"resolved": "https://registry.npmjs.org/through/-/through-2.3.8.tgz",
			"integrity": "sha1-DdTJ/6q8NXlgsbckEV1+Doai4fU="
		},
		"node_modules/tweetnacl": {
			"version": "0.14.5",
			"resolved": "https://registry.npmjs.org/tweetnacl/-/tweetnacl-0.14.5.tgz",
			"integrity": "sha1-WuaBd/GS1EViadEIr6k/+HQ/T2Q="
		}
	},
	"dependencies": {
		"@heroku/socksv5": {
			"version": "0.0.9",
			"resolved": "https://registry.npmjs.org/@heroku/socksv5/-/socksv5-0.0.9.tgz",
			"integrity": "sha512-bV8v7R/c0gNve8i7yPmZbcCTJUqRbCnMSvcegcMaz+ly+FoZf9i4+3MTjKsX+OZn9w0w1I6VJYQBcdM+yMWPQQ==",
			"requires": {
				"ip-address": "^5.8.8"
			}
		},
		"@types/node": {
			"version": "12.20.51",
			"resolved": "https://registry.npmjs.org/@types/node/-/node-12.20.51.tgz",
			"integrity": "sha512-anVDMfReTatfH8GVmHmaTZOL0jeTLNZ9wK9SSrQS3tMmn4vUc+9fVWlUzAieuQefWDyWUz4Z3aqXxDgO1VsYjg==",
			"dev": true
		},
		"@types/vscode": {
			"version": "1.67.0",
			"resolved": "https://registry.npmjs.org/@types/vscode/-/vscode-1.67.0.tgz",
			"integrity": "sha512-GH8BDf8cw9AC9080uneJfulhSa7KHSMI2s/CyKePXoGNos9J486w2V4YKoeNUqIEkW4hKoEAWp6/cXTwyGj47g==",
			"dev": true
		},
		"asn1": {
			"version": "0.2.6",
			"resolved": "https://registry.npmjs.org/asn1/-/asn1-0.2.6.tgz",
			"integrity": "sha512-ix/FxPn0MDjeyJ7i/yoHGFt/EX6LyNbxSEhPPXODPL+KB0VPk86UYfL0lMdy+KCnv+fmvIzySwaK5COwqVbWTQ==",
			"requires": {
				"safer-buffer": "~2.1.0"
			}
		},
		"bcrypt-pbkdf": {
			"version": "1.0.2",
			"resolved": "https://registry.npmjs.org/bcrypt-pbkdf/-/bcrypt-pbkdf-1.0.2.tgz",
			"integrity": "sha1-pDAdOJtqQ/m2f/PKEaP2Y342Dp4=",
			"requires": {
				"tweetnacl": "^0.14.3"
			}
		},
		"buildcheck": {
			"version": "0.0.3",
			"resolved": "https://registry.npmjs.org/buildcheck/-/buildcheck-0.0.3.tgz",
			"integrity": "sha512-pziaA+p/wdVImfcbsZLNF32EiWyujlQLwolMqUQE8xpKNOH7KmZQaY8sXN7DGOEzPAElo9QTaeNRfGnf3iOJbA==",
			"optional": true
		},
		"cpu-features": {
			"version": "0.0.4",
			"resolved": "https://registry.npmjs.org/cpu-features/-/cpu-features-0.0.4.tgz",
			"integrity": "sha512-fKiZ/zp1mUwQbnzb9IghXtHtDoTMtNeb8oYGx6kX2SYfhnG0HNdBEBIzB9b5KlXu5DQPhfy3mInbBxFcgwAr3A==",
			"optional": true,
			"requires": {
				"buildcheck": "0.0.3",
				"nan": "^2.15.0"
			}
		},
		"ip-address": {
			"version": "5.9.4",
			"resolved": "https://registry.npmjs.org/ip-address/-/ip-address-5.9.4.tgz",
			"integrity": "sha512-dHkI3/YNJq4b/qQaz+c8LuarD3pY24JqZWfjB8aZx1gtpc2MDILu9L9jpZe1sHpzo/yWFweQVn+U//FhazUxmw==",
			"requires": {
				"jsbn": "1.1.0",
				"lodash": "^4.17.15",
				"sprintf-js": "1.1.2"
			}
		},
		"jsbn": {
			"version": "1.1.0",
			"resolved": "https://registry.npmjs.org/jsbn/-/jsbn-1.1.0.tgz",
			"integrity": "sha1-sBMHyym2GKHtJux56RH4A8TaAEA="
		},
		"lodash": {
			"version": "4.17.21",
			"resolved": "https://registry.npmjs.org/lodash/-/lodash-4.17.21.tgz",
			"integrity": "sha512-v2kDEe57lecTulaDIuNTPy3Ry4gLGJ6Z1O3vE1krgXZNrsQ+LFTGHVxVjcXPs17LhbZVGedAJv8XZ1tvj5FvSg=="
		},
		"n-readlines": {
			"version": "0.2.8",
			"resolved": "https://registry.npmjs.org/n-readlines/-/n-readlines-0.2.8.tgz",
			"integrity": "sha512-FRr6GU0vooiPAuHMBt/Pspm4htItJKCehs8Q2urdUuigXsdQzP8V03UaQedeCmiygqJwtuGhnidWHRHhUOAg9w=="
		},
		"nan": {
			"version": "2.15.0",
			"resolved": "https://registry.npmjs.org/nan/-/nan-2.15.0.tgz",
			"integrity": "sha512-8ZtvEnA2c5aYCZYd1cvgdnU6cqwixRoYg70xPLWUws5ORTa/lnw+u4amixRS/Ac5U5mQVgp9pnlSUnbNWFaWZQ==",
			"optional": true
		},
		"safer-buffer": {
			"version": "2.1.2",
			"resolved": "https://registry.npmjs.org/safer-buffer/-/safer-buffer-2.1.2.tgz",
			"integrity": "sha512-YZo3K82SD7Riyi0E1EQPojLz7kpepnSQI9IyPbHHg1XXXevb5dJI7tpyN2ADxGcQbHG7vcyRHk0cbwqcQriUtg=="
		},
		"split": {
			"version": "1.0.1",
			"resolved": "https://registry.npmjs.org/split/-/split-1.0.1.tgz",
			"integrity": "sha512-mTyOoPbrivtXnwnIxZRFYRrPNtEFKlpB2fvjSnCQUiAA6qAZzqwna5envK4uk6OIeP17CsdF3rSBGYVBsU0Tkg==",
			"requires": {
				"through": "2"
			}
		},
		"sprintf-js": {
			"version": "1.1.2",
			"resolved": "https://registry.npmjs.org/sprintf-js/-/sprintf-js-1.1.2.tgz",
			"integrity": "sha512-VE0SOVEHCk7Qc8ulkWw3ntAzXuqf7S2lvwQaDLRnUeIEaKNQJzV6BwmLKhOqT61aGhfUMrXeaBk+oDGCzvhcug=="
		},
		"ssh2": {
			"version": "1.10.0",
			"resolved": "https://registry.npmjs.org/ssh2/-/ssh2-1.10.0.tgz",
			"integrity": "sha512-OnKAAmf4j8wCRrXXZv3Tp5lCZkLJZtgZbn45ELiShCg27djDQ3XFGvIzuGsIsf4hdHslP+VdhA9BhUQdTdfd9w==",
			"requires": {
				"asn1": "^0.2.4",
				"bcrypt-pbkdf": "^1.0.2",
				"cpu-features": "~0.0.4",
				"nan": "^2.15.0"
			}
		},
		"ssh2-promise": {
			"version": "1.0.2",
			"resolved": "https://registry.npmjs.org/ssh2-promise/-/ssh2-promise-1.0.2.tgz",
			"integrity": "sha512-W+nNjW/kGSZn/Ln2wrjo/hlC4ZlCDyLck2FAY7zv72IA4ULPyybVdjVB31SzGFuLY+zlauc4SFGEICDlpVdVAg==",
			"requires": {
				"@heroku/socksv5": "^0.0.9",
				"ssh2": "^1.4.0"
			}
		},
		"through": {
			"version": "2.3.8",
			"resolved": "https://registry.npmjs.org/through/-/through-2.3.8.tgz",
			"integrity": "sha1-DdTJ/6q8NXlgsbckEV1+Doai4fU="
		},
		"tweetnacl": {
			"version": "0.14.5",
			"resolved": "https://registry.npmjs.org/tweetnacl/-/tweetnacl-0.14.5.tgz",
			"integrity": "sha1-WuaBd/GS1EViadEIr6k/+HQ/T2Q="
		}
	}
}
